
Microsoft Visual Studio Solution File, Format Version 12.00
# Visual Studio Version 17
VisualStudioVersion = 17.3.32929.385
MinimumVisualStudioVersion = 10.0.40219.1
Project("{9A19103F-16F7-4668-BE54-9A1E7A4F7556}") = "rfclib", "rfclib\rfclib.csproj", "{245982D5-7044-4323-B1ED-9A0912BB16A4}"
EndProject
Project("{9A19103F-16F7-4668-BE54-9A1E7A4F7556}") = "RFCalc_WF", "RFCalc_WF\RFCalc_WF.csproj", "{30BFA814-01F8-40C7-988A-5DF853AC497C}"
	ProjectSection(ProjectDependencies) = postProject
		{245982D5-7044-4323-B1ED-9A0912BB16A4} = {245982D5-7044-4323-B1ED-9A0912BB16A4}
	EndProjectSection
EndProject
Global
	GlobalSection(SolutionConfigurationPlatforms) = preSolution
		Debug|Any CPU = Debug|Any CPU
		Release|Any CPU = Release|Any CPU
	EndGlobalSection
	GlobalSection(ProjectConfigurationPlatforms) = postSolution
		{245982D5-7044-4323-B1ED-9A0912BB16A4}.Debug|Any CPU.ActiveCfg = Debug|Any CPU
		{245982D5-7044-4323-B1ED-9A0912BB16A4}.Debug|Any CPU.Build.0 = Debug|Any CPU
		{245982D5-7044-4323-B1ED-9A0912BB16A4}.Release|Any CPU.ActiveCfg = Release|Any CPU
		{245982D5-7044-4323-B1ED-9A0912BB16A4}.Release|Any CPU.Build.0 = Release|Any CPU
		{30BFA814-01F8-40C7-988A-5DF853AC497C}.Debug|Any CPU.ActiveCfg = Debug|Any CPU
		{30BFA814-01F8-40C7-988A-5DF853AC497C}.Debug|Any CPU.Build.0 = Debug|Any CPU
		{30BFA814-01F8-40C7-988A-5DF853AC497C}.Release|Any CPU.ActiveCfg = Release|Any CPU
		{30BFA814-01F8-40C7-988A-5DF853AC497C}.Release|Any CPU.Build.0 = Release|Any CPU
	EndGlobalSection
	GlobalSection(SolutionProperties) = preSolution
		HideSolutionNode = FALSE
	EndGlobalSection
	GlobalSection(ExtensibilityGlobals) = postSolution
		SolutionGuid = {09940201-567F-4A26-82A7-2B61FEEBA685}
	EndGlobalSection
EndGlobal
